
Microsoft Visual Studio Solution File, Format Version 12.00
# Visual Studio Version 17
VisualStudioVersion = 17.8.34330.188
MinimumVisualStudioVersion = 10.0.40219.1
Project("{FAE04EC0-301F-11D3-BF4B-00C04F79EFBC}") = "Joar", "Joar\Joar.csproj", "{090BD963-10C7-4108-B8FA-F3CFA3E1E860}"
EndProject
Global
	GlobalSection(SolutionConfigurationPlatforms) = preSolution
		Debug|Any CPU = Debug|Any CPU
		Release|Any CPU = Release|Any CPU
	EndGlobalSection
	GlobalSection(ProjectConfigurationPlatforms) = postSolution
		{090BD963-10C7-4108-B8FA-F3CFA3E1E860}.Debug|Any CPU.ActiveCfg = Debug|Any CPU
		{090BD963-10C7-4108-B8FA-F3CFA3E1E860}.Debug|Any CPU.Build.0 = Debug|Any CPU
		{090BD963-10C7-4108-B8FA-F3CFA3E1E860}.Release|Any CPU.ActiveCfg = Release|Any CPU
		{090BD963-10C7-4108-B8FA-F3CFA3E1E860}.Release|Any CPU.Build.0 = Release|Any CPU
	EndGlobalSection
	GlobalSection(SolutionProperties) = preSolution
		HideSolutionNode = FALSE
	EndGlobalSection
	GlobalSection(ExtensibilityGlobals) = postSolution
		SolutionGuid = {D680299B-22EC-4ABB-B024-20F513B4917A}
	EndGlobalSection
EndGlobal
